
Microsoft Visual Studio Solution File, Format Version 12.00
# Visual Studio Version 17
VisualStudioVersion = 17.12.35323.107
MinimumVisualStudioVersion = 10.0.40219.1
Project("{FAE04EC0-301F-11D3-BF4B-00C04F79EFBC}") = "01_MainSubjects", "01_MainSubjects\01_MainSubjects.csproj", "{846B3587-3B7B-4C7C-9DA5-B63EF7FA8FAE}"
EndProject
Project("{FAE04EC0-301F-11D3-BF4B-00C04F79EFBC}") = "02_Variables", "02_Variables\02_Variables.csproj", "{1050343C-CC28-4042-A4D0-B969E714A872}"
EndProject
Project("{FAE04EC0-301F-11D3-BF4B-00C04F79EFBC}") = "03_MakingDecision", "03_MakingDecision\03_MakingDecision.csproj", "{A642BA70-0E7E-4D9F-A6D8-D16418A5A57A}"
EndProject
Project("{FAE04EC0-301F-11D3-BF4B-00C04F79EFBC}") = "04_Loops", "04_Loops\04_Loops.csproj", "{1BAF1BE8-16A6-48F2-8A2F-B743F163B951}"
EndProject
Project("{FAE04EC0-301F-11D3-BF4B-00C04F79EFBC}") = "05_LoopsWithStars", "05_LoopsWithStars\05_LoopsWithStars.csproj", "{D7242843-C0D8-4DC1-BB62-3D13B7AD638C}"
EndProject
Project("{FAE04EC0-301F-11D3-BF4B-00C04F79EFBC}") = "06_Arrays (Diziler)", "06_Arrays (Diziler)\06_Arrays (Diziler).csproj", "{B58D041A-202D-469E-81D0-214958C5F0A8}"
EndProject
Project("{FAE04EC0-301F-11D3-BF4B-00C04F79EFBC}") = "07_ForeachLoop", "07_ForeachLoop\07_ForeachLoop.csproj", "{141E7A27-9E75-493C-8124-D010D7F23D41}"
EndProject
Project("{FAE04EC0-301F-11D3-BF4B-00C04F79EFBC}") = "08_Methods", "08_Methods\08_Methods.csproj", "{AB0645B4-3787-439F-A0A3-3DF5D965726A}"
EndProject
Project("{FAE04EC0-301F-11D3-BF4B-00C04F79EFBC}") = "09_DatabaseProject", "09_DatabaseProject\09_DatabaseProject.csproj", "{5058238E-5F40-4F09-8034-F487827FE2FF}"
EndProject
Project("{FAE04EC0-301F-11D3-BF4B-00C04F79EFBC}") = "10_DatabaseCrud", "10_DatabaseCrud\10_DatabaseCrud.csproj", "{A7E8ACE6-1C7E-4197-A1AC-BF29FC2CB9B9}"
EndProject
Global
	GlobalSection(SolutionConfigurationPlatforms) = preSolution
		Debug|Any CPU = Debug|Any CPU
		Release|Any CPU = Release|Any CPU
	EndGlobalSection
	GlobalSection(ProjectConfigurationPlatforms) = postSolution
		{846B3587-3B7B-4C7C-9DA5-B63EF7FA8FAE}.Debug|Any CPU.ActiveCfg = Debug|Any CPU
		{846B3587-3B7B-4C7C-9DA5-B63EF7FA8FAE}.Debug|Any CPU.Build.0 = Debug|Any CPU
		{846B3587-3B7B-4C7C-9DA5-B63EF7FA8FAE}.Release|Any CPU.ActiveCfg = Release|Any CPU
		{846B3587-3B7B-4C7C-9DA5-B63EF7FA8FAE}.Release|Any CPU.Build.0 = Release|Any CPU
		{1050343C-CC28-4042-A4D0-B969E714A872}.Debug|Any CPU.ActiveCfg = Debug|Any CPU
		{1050343C-CC28-4042-A4D0-B969E714A872}.Debug|Any CPU.Build.0 = Debug|Any CPU
		{1050343C-CC28-4042-A4D0-B969E714A872}.Release|Any CPU.ActiveCfg = Release|Any CPU
		{1050343C-CC28-4042-A4D0-B969E714A872}.Release|Any CPU.Build.0 = Release|Any CPU
		{A642BA70-0E7E-4D9F-A6D8-D16418A5A57A}.Debug|Any CPU.ActiveCfg = Debug|Any CPU
		{A642BA70-0E7E-4D9F-A6D8-D16418A5A57A}.Debug|Any CPU.Build.0 = Debug|Any CPU
		{A642BA70-0E7E-4D9F-A6D8-D16418A5A57A}.Release|Any CPU.ActiveCfg = Release|Any CPU
		{A642BA70-0E7E-4D9F-A6D8-D16418A5A57A}.Release|Any CPU.Build.0 = Release|Any CPU
		{1BAF1BE8-16A6-48F2-8A2F-B743F163B951}.Debug|Any CPU.ActiveCfg = Debug|Any CPU
		{1BAF1BE8-16A6-48F2-8A2F-B743F163B951}.Debug|Any CPU.Build.0 = Debug|Any CPU
		{1BAF1BE8-16A6-48F2-8A2F-B743F163B951}.Release|Any CPU.ActiveCfg = Release|Any CPU
		{1BAF1BE8-16A6-48F2-8A2F-B743F163B951}.Release|Any CPU.Build.0 = Release|Any CPU
		{D7242843-C0D8-4DC1-BB62-3D13B7AD638C}.Debug|Any CPU.ActiveCfg = Debug|Any CPU
		{D7242843-C0D8-4DC1-BB62-3D13B7AD638C}.Debug|Any CPU.Build.0 = Debug|Any CPU
		{D7242843-C0D8-4DC1-BB62-3D13B7AD638C}.Release|Any CPU.ActiveCfg = Release|Any CPU
		{D7242843-C0D8-4DC1-BB62-3D13B7AD638C}.Release|Any CPU.Build.0 = Release|Any CPU
		{B58D041A-202D-469E-81D0-214958C5F0A8}.Debug|Any CPU.ActiveCfg = Debug|Any CPU
		{B58D041A-202D-469E-81D0-214958C5F0A8}.Debug|Any CPU.Build.0 = Debug|Any CPU
		{B58D041A-202D-469E-81D0-214958C5F0A8}.Release|Any CPU.ActiveCfg = Release|Any CPU
		{B58D041A-202D-469E-81D0-214958C5F0A8}.Release|Any CPU.Build.0 = Release|Any CPU
		{141E7A27-9E75-493C-8124-D010D7F23D41}.Debug|Any CPU.ActiveCfg = Debug|Any CPU
		{141E7A27-9E75-493C-8124-D010D7F23D41}.Debug|Any CPU.Build.0 = Debug|Any CPU
		{141E7A27-9E75-493C-8124-D010D7F23D41}.Release|Any CPU.ActiveCfg = Release|Any CPU
		{141E7A27-9E75-493C-8124-D010D7F23D41}.Release|Any CPU.Build.0 = Release|Any CPU
		{AB0645B4-3787-439F-A0A3-3DF5D965726A}.Debug|Any CPU.ActiveCfg = Debug|Any CPU
		{AB0645B4-3787-439F-A0A3-3DF5D965726A}.Debug|Any CPU.Build.0 = Debug|Any CPU
		{AB0645B4-3787-439F-A0A3-3DF5D965726A}.Release|Any CPU.ActiveCfg = Release|Any CPU
		{AB0645B4-3787-439F-A0A3-3DF5D965726A}.Release|Any CPU.Build.0 = Release|Any CPU
		{5058238E-5F40-4F09-8034-F487827FE2FF}.Debug|Any CPU.ActiveCfg = Debug|Any CPU
		{5058238E-5F40-4F09-8034-F487827FE2FF}.Debug|Any CPU.Build.0 = Debug|Any CPU
		{5058238E-5F40-4F09-8034-F487827FE2FF}.Release|Any CPU.ActiveCfg = Release|Any CPU
		{5058238E-5F40-4F09-8034-F487827FE2FF}.Release|Any CPU.Build.0 = Release|Any CPU
		{A7E8ACE6-1C7E-4197-A1AC-BF29FC2CB9B9}.Debug|Any CPU.ActiveCfg = Debug|Any CPU
		{A7E8ACE6-1C7E-4197-A1AC-BF29FC2CB9B9}.Debug|Any CPU.Build.0 = Debug|Any CPU
		{A7E8ACE6-1C7E-4197-A1AC-BF29FC2CB9B9}.Release|Any CPU.ActiveCfg = Release|Any CPU
		{A7E8ACE6-1C7E-4197-A1AC-BF29FC2CB9B9}.Release|Any CPU.Build.0 = Release|Any CPU
	EndGlobalSection
	GlobalSection(SolutionProperties) = preSolution
		HideSolutionNode = FALSE
	EndGlobalSection
	GlobalSection(ExtensibilityGlobals) = postSolution
		SolutionGuid = {5F990932-ECFB-42CB-9C1F-AB0E97A539AD}
	EndGlobalSection
EndGlobal
